{
  "name": "action-send-mail",
  "version": "1.0.0",
  "lockfileVersion": 1,
  "requires": true,
  "dependencies": {
    "@actions/core": {
      "version": "1.2.4",
      "resolved": "https://registry.npmjs.org/@actions/core/-/core-1.2.4.tgz",
      "integrity": "sha512-YJCEq8BE3CdN8+7HPZ/4DxJjk/OkZV2FFIf+DlZTC/4iBlzYCD5yjRR6eiOS5llO11zbRltIRuKAjMKaWTE6cg=="
    },
    "nodemailer": {
      "version": "6.4.8",
      "resolved": "https://registry.npmjs.org/nodemailer/-/nodemailer-6.4.8.tgz",
      "integrity": "sha512-UbJD0+g5e2H20bWv7Rpj3B+N3TMMJ0MLoLwaGVJ0k3Vo8upq0UltwHJ5BJfrpST1vFa91JQ8cf7cICK5DSIo1Q=="
    }
  }
}
