{
  "name": "action-send-mail",
  "version": "1.0.0",
  "lockfileVersion": 1,
  "requires": true,
  "dependencies": {
    "@actions/core": {
      "version": "1.2.6",
      "resolved": "https://registry.npmjs.org/@actions/core/-/core-1.2.6.tgz",
      "integrity": "sha512-ZQYitnqiyBc3D+k7LsgSBmMDVkOVidaagDG7j3fOym77jNunWRuYx7VSHa9GNfFZh+zh61xsCjRj4JxMZlDqTA=="
    },
    "nodemailer": {
      "version": "6.4.15",
      "resolved": "https://registry.npmjs.org/nodemailer/-/nodemailer-6.4.15.tgz",
      "integrity": "sha512-2/z13dBTWdgTRlxVMAK6C13dCI22GEShET4+jFLlQsxpblxYhojnucfcTZO1QBu5CsHvABsBj2JCGO3vl0HSQA=="
    }
  }
}
